{
  "nodes": {
    "fenix": {
      "inputs": {
        "nixpkgs": [
          "nixpkgs"
        ],
        "rust-analyzer-src": "rust-analyzer-src"
      },
      "locked": {
        "lastModified": 1761720242,
        "narHash": "sha256-Zi9nWw68oUDMVOhf/+Z97wVbNV2K7eEAGZugQKqU7xw=",
        "owner": "nix-community",
        "repo": "fenix",
        "rev": "8e4d32f4cc12b3f106af6e4515b36ac046a1ec91",
        "type": "github"
      },
      "original": {
        "owner": "nix-community",
        "repo": "fenix",
        "type": "github"
      }
    },
    "home-manager": {
      "inputs": {
        "nixpkgs": [
          "nixpkgs"
        ]
      },
      "locked": {
        "lastModified": 1761666354,
        "narHash": "sha256-fHr+tIYBJccNF8QWqgowfRmEAtAMSt1deZIRNKL8A7c=",
        "owner": "nix-community",
        "repo": "home-manager",
        "rev": "ca2ab1d877a24d5a437dad62f56b8b2c02e964e9",
        "type": "github"
      },
      "original": {
        "owner": "nix-community",
        "repo": "home-manager",
        "type": "github"
      }
    },
    "nix-colorizer": {
      "locked": {
        "lastModified": 1750078528,
        "narHash": "sha256-NuGAJx61f/r0xrpyOTUEsO+MDNpso0qE99k2/apv3as=",
        "owner": "nutsalhan87",
        "repo": "nix-colorizer",
        "rev": "c9ce6c710f4ed749f773104a8092a3e542dd1d7c",
        "type": "github"
      },
      "original": {
        "owner": "nutsalhan87",
        "repo": "nix-colorizer",
        "type": "github"
      }
    },
    "nixos-hardware": {
      "locked": {
        "lastModified": 1761669189,
        "narHash": "sha256-INBZnPA9JzyDn+Fnni2250PbRzKx7Eafz0T2c7NhXiQ=",
        "owner": "NixOS",
        "repo": "nixos-hardware",
        "rev": "9c0ee5dfa186e10efe9b53505b65d22c81860fde",
        "type": "github"
      },
      "original": {
        "owner": "NixOS",
        "ref": "master",
        "repo": "nixos-hardware",
        "type": "github"
      }
    },
    "nixpkgs": {
      "locked": {
        "lastModified": 1761373498,
        "narHash": "sha256-Q/uhWNvd7V7k1H1ZPMy/vkx3F8C13ZcdrKjO7Jv7v0c=",
        "owner": "NixOS",
        "repo": "nixpkgs",
        "rev": "6a08e6bb4e46ff7fcbb53d409b253f6bad8a28ce",
        "type": "github"
      },
      "original": {
        "owner": "NixOS",
        "ref": "nixos-unstable",
        "repo": "nixpkgs",
        "type": "github"
      }
    },
    "root": {
      "inputs": {
        "fenix": "fenix",
        "home-manager": "home-manager",
        "nix-colorizer": "nix-colorizer",
        "nixos-hardware": "nixos-hardware",
        "nixpkgs": "nixpkgs",
        "stable-nixpkgs": "stable-nixpkgs"
      }
    },
    "rust-analyzer-src": {
      "flake": false,
      "locked": {
        "lastModified": 1761686505,
        "narHash": "sha256-jX6UrGS/hABDaM4jdx3+xgH3KCHP2zKHeTa8CD5myEo=",
        "owner": "rust-lang",
        "repo": "rust-analyzer",
        "rev": "d08d54f3c10dfa41033eb780c3bddb50e09d30fc",
        "type": "github"
      },
      "original": {
        "owner": "rust-lang",
        "ref": "nightly",
        "repo": "rust-analyzer",
        "type": "github"
      }
    },
    "stable-nixpkgs": {
      "locked": {
        "lastModified": 1761468971,
        "narHash": "sha256-vY2OLVg5ZTobdroQKQQSipSIkHlxOTrIF1fsMzPh8w8=",
        "owner": "NixOS",
        "repo": "nixpkgs",
        "rev": "78e34d1667d32d8a0ffc3eba4591ff256e80576e",
        "type": "github"
      },
      "original": {
        "owner": "NixOS",
        "ref": "nixos-25.05",
        "repo": "nixpkgs",
        "type": "github"
      }
    }
  },
  "root": "root",
  "version": 7
}
