{
  "nodes": {
    "fenix": {
      "inputs": {
        "nixpkgs": [
          "nixpkgs"
        ],
        "rust-analyzer-src": "rust-analyzer-src"
      },
      "locked": {
        "lastModified": 1734503722,
        "narHash": "sha256-JvUWWbrzGq3jPCZf1aCDdyAfphiZl9AzRRLc8pTkh7w=",
        "owner": "nix-community",
        "repo": "fenix",
        "rev": "07f1f47c8f634a5ec52a2ad1d14e7cc7521d9a4f",
        "type": "github"
      },
      "original": {
        "owner": "nix-community",
        "repo": "fenix",
        "type": "github"
      }
    },
    "home-manager": {
      "inputs": {
        "nixpkgs": [
          "nixpkgs"
        ]
      },
      "locked": {
        "lastModified": 1734344598,
        "narHash": "sha256-wNX3hsScqDdqKWOO87wETUEi7a/QlPVgpC/Lh5rFOuA=",
        "owner": "nix-community",
        "repo": "home-manager",
        "rev": "83ecd50915a09dca928971139d3a102377a8d242",
        "type": "github"
      },
      "original": {
        "owner": "nix-community",
        "repo": "home-manager",
        "type": "github"
      }
    },
    "nix-colorizer": {
      "locked": {
        "lastModified": 1722541529,
        "narHash": "sha256-PX2Iakm3t602Be48RCD/k/a06kxn9Zqe4WXnW5RGD+8=",
        "owner": "nutsalhan87",
        "repo": "nix-colorizer",
        "rev": "b256eb9d7265e3be454c632a7da5f512a79ade1c",
        "type": "github"
      },
      "original": {
        "owner": "nutsalhan87",
        "repo": "nix-colorizer",
        "type": "github"
      }
    },
    "nixos-hardware": {
      "locked": {
        "lastModified": 1734352517,
        "narHash": "sha256-mfv+J/vO4nqmIOlq8Y1rRW8hVsGH3M+I2ESMjhuebDs=",
        "owner": "NixOS",
        "repo": "nixos-hardware",
        "rev": "b12e314726a4226298fe82776b4baeaa7bcf3dcd",
        "type": "github"
      },
      "original": {
        "owner": "NixOS",
        "ref": "master",
        "repo": "nixos-hardware",
        "type": "github"
      }
    },
    "nixpkgs": {
      "locked": {
        "lastModified": 1734424634,
        "narHash": "sha256-cHar1vqHOOyC7f1+tVycPoWTfKIaqkoe1Q6TnKzuti4=",
        "owner": "NixOS",
        "repo": "nixpkgs",
        "rev": "d3c42f187194c26d9f0309a8ecc469d6c878ce33",
        "type": "github"
      },
      "original": {
        "id": "nixpkgs",
        "ref": "nixos-unstable",
        "type": "indirect"
      }
    },
    "old-nixpkgs": {
      "locked": {
        "lastModified": 1734202038,
        "narHash": "sha256-LwcGIkORU8zfQ/8jAgptgPY8Zf9lGKB0vtNdQyEkaN8=",
        "owner": "NixOS",
        "repo": "nixpkgs",
        "rev": "bcba2fbf6963bf6bed3a749f9f4cf5bff4adb96d",
        "type": "github"
      },
      "original": {
        "id": "nixpkgs",
        "ref": "nixos-24.05",
        "type": "indirect"
      }
    },
    "root": {
      "inputs": {
        "fenix": "fenix",
        "home-manager": "home-manager",
        "nix-colorizer": "nix-colorizer",
        "nixos-hardware": "nixos-hardware",
        "nixpkgs": "nixpkgs",
        "old-nixpkgs": "old-nixpkgs"
      }
    },
    "rust-analyzer-src": {
      "flake": false,
      "locked": {
        "lastModified": 1734386068,
        "narHash": "sha256-Py025JiD9lcPmldB7X1AEjq3WBTS60jZUJRtTDonmaE=",
        "owner": "rust-lang",
        "repo": "rust-analyzer",
        "rev": "0a706f7d2ac093985eae317781200689cfd48b78",
        "type": "github"
      },
      "original": {
        "owner": "rust-lang",
        "ref": "nightly",
        "repo": "rust-analyzer",
        "type": "github"
      }
    }
  },
  "root": "root",
  "version": 7
}
