{"payload":{"allShortcutsEnabled":false,"fileTree":{"":{"items":[{"name":"home","path":"home","contentType":"directory"},{"name":"system","path":"system","contentType":"directory"},{"name":"dev_shell_example.nix","path":"dev_shell_example.nix","contentType":"file"},{"name":"flake.lock","path":"flake.lock","contentType":"file"},{"name":"flake.nix","path":"flake.nix","contentType":"file"}],"totalCount":5}},"fileTreeProcessingTime":1.631581,"foldersToFetch":[],"reducedMotionEnabled":null,"repo":{"id":559116660,"defaultBranch":"main","name":"dotfiles","ownerLogin":"nutsalhan87","currentUserCanPush":false,"isFork":false,"isEmpty":false,"createdAt":"2022-10-29T05:27:13.000Z","ownerAvatar":"https://avatars.githubusercontent.com/u/36156056?v=4","public":true,"private":false,"isOrgOwned":false},"refInfo":{"name":"main","listCacheKey":"v0:1667021323.527662","canEdit":false,"refType":"branch","currentOid":"3b22cd2514bec8899b52d3fe7c33519a20e0ac2f"},"path":"flake.lock","currentUser":null,"blob":{"rawBlob":"{\n  \"nodes\": {\n    \"home-manager\": {\n      \"inputs\": {\n        \"nixpkgs\": [\n          \"nixpkgs\"\n        ]\n      },\n      \"locked\": {\n        \"lastModified\": 1683651229,\n        \"narHash\": \"sha256-HN0Mw8g1XQIrcdyzqT00YW0Uqi/V/BUUUAgvcK1pcSM=\",\n        \"owner\": \"nix-community\",\n        \"repo\": \"home-manager\",\n        \"rev\": \"983f8a1bb965b261492123cd8e2d07da46d4d50a\",\n        \"type\": \"github\"\n      },\n      \"original\": {\n        \"owner\": \"nix-community\",\n        \"repo\": \"home-manager\",\n        \"type\": \"github\"\n      }\n    },\n    \"nixpkgs\": {\n      \"locked\": {\n        \"lastModified\": 1683408522,\n        \"narHash\": \"sha256-9kcPh6Uxo17a3kK3XCHhcWiV1Yu1kYj22RHiymUhMkU=\",\n        \"owner\": \"NixOS\",\n        \"repo\": \"nixpkgs\",\n        \"rev\": \"897876e4c484f1e8f92009fd11b7d988a121a4e7\",\n        \"type\": \"github\"\n      },\n      \"original\": {\n        \"id\": \"nixpkgs\",\n        \"ref\": \"nixos-unstable\",\n        \"type\": \"indirect\"\n      }\n    },\n    \"old-nixpkgs\": {\n      \"locked\": {\n        \"lastModified\": 1683627095,\n        \"narHash\": \"sha256-8u9SejRpL2TrMuHBdhYh4FKc1OGPDLyWTpIbNTtoHsA=\",\n        \"owner\": \"NixOS\",\n        \"repo\": \"nixpkgs\",\n        \"rev\": \"a08e061a4ee8329747d54ddf1566d34c55c895eb\",\n        \"type\": \"github\"\n      },\n      \"original\": {\n        \"id\": \"nixpkgs\",\n        \"ref\": \"nixos-22.11\",\n        \"type\": \"indirect\"\n      }\n    },\n    \"root\": {\n      \"inputs\": {\n        \"home-manager\": \"home-manager\",\n        \"nixpkgs\": \"nixpkgs\",\n        \"old-nixpkgs\": \"old-nixpkgs\"\n      }\n    }\n  },\n  \"root\": \"root\",\n  \"version\": 7\n}\n","colorizedLines":["{","  <span class=\"pl-ent\">&quot;nodes&quot;</span>: {","    <span class=\"pl-ent\">&quot;home-manager&quot;</span>: {","      <span class=\"pl-ent\">&quot;inputs&quot;</span>: {","        <span class=\"pl-ent\">&quot;nixpkgs&quot;</span>: [","          <span class=\"pl-s\"><span class=\"pl-pds\">&quot;</span>nixpkgs<span class=\"pl-pds\">&quot;</span></span>","        ]","      },","      <span class=\"pl-ent\">&quot;locked&quot;</span>: {","        <span class=\"pl-ent\">&quot;lastModified&quot;</span>: <span class=\"pl-c1\">1683651229</span>,","        <span class=\"pl-ent\">&quot;narHash&quot;</span>: <span class=\"pl-s\"><span class=\"pl-pds\">&quot;</span>sha256-HN0Mw8g1XQIrcdyzqT00YW0Uqi/V/BUUUAgvcK1pcSM=<span class=\"pl-pds\">&quot;</span></span>,","        <span class=\"pl-ent\">&quot;owner&quot;</span>: <span class=\"pl-s\"><span class=\"pl-pds\">&quot;</span>nix-community<span class=\"pl-pds\">&quot;</span></span>,","        <span class=\"pl-ent\">&quot;repo&quot;</span>: <span class=\"pl-s\"><span class=\"pl-pds\">&quot;</span>home-manager<span class=\"pl-pds\">&quot;</span></span>,","        <span class=\"pl-ent\">&quot;rev&quot;</span>: <span class=\"pl-s\"><span class=\"pl-pds\">&quot;</span>983f8a1bb965b261492123cd8e2d07da46d4d50a<span class=\"pl-pds\">&quot;</span></span>,","        <span class=\"pl-ent\">&quot;type&quot;</span>: <span class=\"pl-s\"><span class=\"pl-pds\">&quot;</span>github<span class=\"pl-pds\">&quot;</span></span>","      },","      <span class=\"pl-ent\">&quot;original&quot;</span>: {","        <span class=\"pl-ent\">&quot;owner&quot;</span>: <span class=\"pl-s\"><span class=\"pl-pds\">&quot;</span>nix-community<span class=\"pl-pds\">&quot;</span></span>,","        <span class=\"pl-ent\">&quot;repo&quot;</span>: <span class=\"pl-s\"><span class=\"pl-pds\">&quot;</span>home-manager<span class=\"pl-pds\">&quot;</span></span>,","        <span class=\"pl-ent\">&quot;type&quot;</span>: <span class=\"pl-s\"><span class=\"pl-pds\">&quot;</span>github<span class=\"pl-pds\">&quot;</span></span>","      }","    },","    <span class=\"pl-ent\">&quot;nixpkgs&quot;</span>: {","      <span class=\"pl-ent\">&quot;locked&quot;</span>: {","        <span class=\"pl-ent\">&quot;lastModified&quot;</span>: <span class=\"pl-c1\">1683408522</span>,","        <span class=\"pl-ent\">&quot;narHash&quot;</span>: <span class=\"pl-s\"><span class=\"pl-pds\">&quot;</span>sha256-9kcPh6Uxo17a3kK3XCHhcWiV1Yu1kYj22RHiymUhMkU=<span class=\"pl-pds\">&quot;</span></span>,","        <span class=\"pl-ent\">&quot;owner&quot;</span>: <span class=\"pl-s\"><span class=\"pl-pds\">&quot;</span>NixOS<span class=\"pl-pds\">&quot;</span></span>,","        <span class=\"pl-ent\">&quot;repo&quot;</span>: <span class=\"pl-s\"><span class=\"pl-pds\">&quot;</span>nixpkgs<span class=\"pl-pds\">&quot;</span></span>,","        <span class=\"pl-ent\">&quot;rev&quot;</span>: <span class=\"pl-s\"><span class=\"pl-pds\">&quot;</span>897876e4c484f1e8f92009fd11b7d988a121a4e7<span class=\"pl-pds\">&quot;</span></span>,","        <span class=\"pl-ent\">&quot;type&quot;</span>: <span class=\"pl-s\"><span class=\"pl-pds\">&quot;</span>github<span class=\"pl-pds\">&quot;</span></span>","      },","      <span class=\"pl-ent\">&quot;original&quot;</span>: {","        <span class=\"pl-ent\">&quot;id&quot;</span>: <span class=\"pl-s\"><span class=\"pl-pds\">&quot;</span>nixpkgs<span class=\"pl-pds\">&quot;</span></span>,","        <span class=\"pl-ent\">&quot;ref&quot;</span>: <span class=\"pl-s\"><span class=\"pl-pds\">&quot;</span>nixos-unstable<span class=\"pl-pds\">&quot;</span></span>,","        <span class=\"pl-ent\">&quot;type&quot;</span>: <span class=\"pl-s\"><span class=\"pl-pds\">&quot;</span>indirect<span class=\"pl-pds\">&quot;</span></span>","      }","    },","    <span class=\"pl-ent\">&quot;old-nixpkgs&quot;</span>: {","      <span class=\"pl-ent\">&quot;locked&quot;</span>: {","        <span class=\"pl-ent\">&quot;lastModified&quot;</span>: <span class=\"pl-c1\">1683627095</span>,","        <span class=\"pl-ent\">&quot;narHash&quot;</span>: <span class=\"pl-s\"><span class=\"pl-pds\">&quot;</span>sha256-8u9SejRpL2TrMuHBdhYh4FKc1OGPDLyWTpIbNTtoHsA=<span class=\"pl-pds\">&quot;</span></span>,","        <span class=\"pl-ent\">&quot;owner&quot;</span>: <span class=\"pl-s\"><span class=\"pl-pds\">&quot;</span>NixOS<span class=\"pl-pds\">&quot;</span></span>,","        <span class=\"pl-ent\">&quot;repo&quot;</span>: <span class=\"pl-s\"><span class=\"pl-pds\">&quot;</span>nixpkgs<span class=\"pl-pds\">&quot;</span></span>,","        <span class=\"pl-ent\">&quot;rev&quot;</span>: <span class=\"pl-s\"><span class=\"pl-pds\">&quot;</span>a08e061a4ee8329747d54ddf1566d34c55c895eb<span class=\"pl-pds\">&quot;</span></span>,","        <span class=\"pl-ent\">&quot;type&quot;</span>: <span class=\"pl-s\"><span class=\"pl-pds\">&quot;</span>github<span class=\"pl-pds\">&quot;</span></span>","      },","      <span class=\"pl-ent\">&quot;original&quot;</span>: {","        <span class=\"pl-ent\">&quot;id&quot;</span>: <span class=\"pl-s\"><span class=\"pl-pds\">&quot;</span>nixpkgs<span class=\"pl-pds\">&quot;</span></span>,","        <span class=\"pl-ent\">&quot;ref&quot;</span>: <span class=\"pl-s\"><span class=\"pl-pds\">&quot;</span>nixos-22.11<span class=\"pl-pds\">&quot;</span></span>,","        <span class=\"pl-ent\">&quot;type&quot;</span>: <span class=\"pl-s\"><span class=\"pl-pds\">&quot;</span>indirect<span class=\"pl-pds\">&quot;</span></span>","      }","    },","    <span class=\"pl-ent\">&quot;root&quot;</span>: {","      <span class=\"pl-ent\">&quot;inputs&quot;</span>: {","        <span class=\"pl-ent\">&quot;home-manager&quot;</span>: <span class=\"pl-s\"><span class=\"pl-pds\">&quot;</span>home-manager<span class=\"pl-pds\">&quot;</span></span>,","        <span class=\"pl-ent\">&quot;nixpkgs&quot;</span>: <span class=\"pl-s\"><span class=\"pl-pds\">&quot;</span>nixpkgs<span class=\"pl-pds\">&quot;</span></span>,","        <span class=\"pl-ent\">&quot;old-nixpkgs&quot;</span>: <span class=\"pl-s\"><span class=\"pl-pds\">&quot;</span>old-nixpkgs<span class=\"pl-pds\">&quot;</span></span>","      }","    }","  },","  <span class=\"pl-ent\">&quot;root&quot;</span>: <span class=\"pl-s\"><span class=\"pl-pds\">&quot;</span>root<span class=\"pl-pds\">&quot;</span></span>,","  <span class=\"pl-ent\">&quot;version&quot;</span>: <span class=\"pl-c1\">7</span>","}"],"stylingDirectives":null,"csv":null,"csvError":null,"dependabotInfo":{"showConfigurationBanner":false,"configFilePath":null,"networkDependabotPath":"/nutsalhan87/dotfiles/network/updates","dismissConfigurationNoticePath":"/settings/dismiss-notice/dependabot_configuration_notice","configurationNoticeDismissed":null,"repoAlertsPath":"/nutsalhan87/dotfiles/security/dependabot","repoSecurityAndAnalysisPath":"/nutsalhan87/dotfiles/settings/security_analysis","repoOwnerIsOrg":false,"currentUserCanAdminRepo":false},"displayName":"flake.lock","displayUrl":"https://github.com/nutsalhan87/dotfiles/blob/main/flake.lock?raw=true","headerInfo":{"blobSize":"1.51 KB","deleteInfo":{"deletePath":null,"deleteTooltip":"You must be signed in to make or propose changes"},"editInfo":{"editTooltip":"You must be signed in to make or propose changes"},"ghDesktopPath":"https://desktop.github.com","gitLfsPath":null,"onBranch":true,"shortPath":"eae3a23","siteNavLoginPath":"/login?return_to=https%3A%2F%2Fgithub.com%2Fnutsalhan87%2Fdotfiles%2Fblob%2Fmain%2Fflake.lock","isCSV":false,"isRichtext":false,"toc":null,"lineInfo":{"truncatedLoc":"63","truncatedSloc":"63"},"mode":"file"},"image":false,"isCodeownersFile":null,"isValidLegacyIssueTemplate":false,"issueTemplateHelpUrl":"https://docs.github.com/articles/about-issue-and-pull-request-templates","issueTemplate":null,"discussionTemplate":null,"language":"JSON","large":false,"loggedIn":false,"newDiscussionPath":"/nutsalhan87/dotfiles/discussions/new","newIssuePath":"/nutsalhan87/dotfiles/issues/new","planSupportInfo":{"repoIsFork":null,"repoOwnedByCurrentUser":null,"requestFullPath":"/nutsalhan87/dotfiles/blob/main/flake.lock","showFreeOrgGatedFeatureMessage":null,"showPlanSupportBanner":null,"upgradeDataAttributes":null,"upgradePath":null},"publishBannersInfo":{"dismissActionNoticePath":"/settings/dismiss-notice/publish_action_from_dockerfile","dismissStackNoticePath":"/settings/dismiss-notice/publish_stack_from_file","releasePath":"/nutsalhan87/dotfiles/releases/new?marketplace=true","showPublishActionBanner":false,"showPublishStackBanner":false},"renderImageOrRaw":false,"richText":null,"renderedFileInfo":null,"tabSize":8,"topBannersInfo":{"overridingGlobalFundingFile":false,"globalPreferredFundingPath":null,"repoOwner":"nutsalhan87","repoName":"dotfiles","showInvalidCitationWarning":false,"citationHelpUrl":"https://docs.github.com/en/github/creating-cloning-and-archiving-repositories/creating-a-repository-on-github/about-citation-files","showDependabotConfigurationBanner":false,"actionsOnboardingTip":null},"truncated":false,"viewable":true,"workflowRedirectUrl":null,"symbols":{"timedOut":false,"notAnalyzed":false,"symbols":[]}},"csrf_tokens":{"/nutsalhan87/dotfiles/branches":{"post":"W32PBRel1axwZ6-5iog5tR4M_oMi-tKXg9F_H2KQuFh8fePajW2EbyIH-UVI8j0RjagyclzH5HDBwrnMd9s--Q"}}},"title":"dotfiles/flake.lock at main · nutsalhan87/dotfiles","locale":"en"}